
Microsoft Visual Studio Solution File, Format Version 12.00
# Visual Studio 15
VisualStudioVersion = 15.0.28307.539
MinimumVisualStudioVersion = 10.0.40219.1
Project("{9A19103F-16F7-4668-BE54-9A1E7A4F7556}") = "SportEventReminder", "SportEventReminder\SportEventReminder.csproj", "{1F02BE29-492C-4BF5-8004-A7821A4F2D34}"
EndProject
Project("{9A19103F-16F7-4668-BE54-9A1E7A4F7556}") = "SportEventReminder.Domain", "SportEventReminder.Domain\SportEventReminder.Domain.csproj", "{16770BA2-CB1F-4A81-9DDF-3698EA1B6E4F}"
EndProject
Project("{9A19103F-16F7-4668-BE54-9A1E7A4F7556}") = "SportEventReminder.EntityFramework", "SportEventReminder.EntityFramework\SportEventReminder.EntityFramework.csproj", "{75CDBA36-C19B-45BF-AEEB-DA194ACE1AB6}"
EndProject
Project("{9A19103F-16F7-4668-BE54-9A1E7A4F7556}") = "SportEventReminder.ScheduleService", "SportEventReminder.ScheduleService\SportEventReminder.ScheduleService.csproj", "{249299B4-4AA1-43A7-A08A-96C5605F991C}"
EndProject
Project("{9A19103F-16F7-4668-BE54-9A1E7A4F7556}") = "SportEventReminder.Repositories", "SportEventReminder.Repositories\SportEventReminder.Repositories.csproj", "{CCC180B7-1C8B-4B03-B29A-6E265FE8D690}"
EndProject
Project("{9A19103F-16F7-4668-BE54-9A1E7A4F7556}") = "SportEventReminder.ImportService", "SportEventReminder.ImportService\SportEventReminder.ImportService.csproj", "{19A7058C-9BD7-4561-BE22-A5AE8D2E8DC7}"
EndProject
Project("{9A19103F-16F7-4668-BE54-9A1E7A4F7556}") = "SportEventReminder.UnitOfWork", "SportEventReminder.UnitOfWork\SportEventReminder.UnitOfWork.csproj", "{D1D560F2-F7EF-4DF1-B8B3-45F35EA94F4C}"
EndProject
Project("{9A19103F-16F7-4668-BE54-9A1E7A4F7556}") = "SportEventReminder.Common", "SportEventReminder.Common\SportEventReminder.Common.csproj", "{B858B728-FD94-486F-AC3E-97D10EF97941}"
EndProject
Project("{9A19103F-16F7-4668-BE54-9A1E7A4F7556}") = "SportEventReminder.DTO", "SportEventReminder.DTO\SportEventReminder.DTO.csproj", "{07580ECD-83E1-4602-914C-1A7AB08BB8D0}"
EndProject
Project("{9A19103F-16F7-4668-BE54-9A1E7A4F7556}") = "SportEventReminder.Managers", "SportEventReminder.Managers\SportEventReminder.Managers.csproj", "{D8939319-0E42-46D3-83CD-A6EC78F85637}"
EndProject
Project("{FAE04EC0-301F-11D3-BF4B-00C04F79EFBC}") = "SportEventReminder.API", "SportEventReminder.API\SportEventReminder.API.csproj", "{4F96C2F0-71A1-4BCF-A589-301E94A82E32}"
EndProject
Global
	GlobalSection(SolutionConfigurationPlatforms) = preSolution
		Debug|Any CPU = Debug|Any CPU
		Release|Any CPU = Release|Any CPU
	EndGlobalSection
	GlobalSection(ProjectConfigurationPlatforms) = postSolution
		{1F02BE29-492C-4BF5-8004-A7821A4F2D34}.Debug|Any CPU.ActiveCfg = Debug|Any CPU
		{1F02BE29-492C-4BF5-8004-A7821A4F2D34}.Debug|Any CPU.Build.0 = Debug|Any CPU
		{1F02BE29-492C-4BF5-8004-A7821A4F2D34}.Release|Any CPU.ActiveCfg = Release|Any CPU
		{1F02BE29-492C-4BF5-8004-A7821A4F2D34}.Release|Any CPU.Build.0 = Release|Any CPU
		{16770BA2-CB1F-4A81-9DDF-3698EA1B6E4F}.Debug|Any CPU.ActiveCfg = Debug|Any CPU
		{16770BA2-CB1F-4A81-9DDF-3698EA1B6E4F}.Debug|Any CPU.Build.0 = Debug|Any CPU
		{16770BA2-CB1F-4A81-9DDF-3698EA1B6E4F}.Release|Any CPU.ActiveCfg = Release|Any CPU
		{16770BA2-CB1F-4A81-9DDF-3698EA1B6E4F}.Release|Any CPU.Build.0 = Release|Any CPU
		{75CDBA36-C19B-45BF-AEEB-DA194ACE1AB6}.Debug|Any CPU.ActiveCfg = Debug|Any CPU
		{75CDBA36-C19B-45BF-AEEB-DA194ACE1AB6}.Debug|Any CPU.Build.0 = Debug|Any CPU
		{75CDBA36-C19B-45BF-AEEB-DA194ACE1AB6}.Release|Any CPU.ActiveCfg = Release|Any CPU
		{75CDBA36-C19B-45BF-AEEB-DA194ACE1AB6}.Release|Any CPU.Build.0 = Release|Any CPU
		{249299B4-4AA1-43A7-A08A-96C5605F991C}.Debug|Any CPU.ActiveCfg = Debug|Any CPU
		{249299B4-4AA1-43A7-A08A-96C5605F991C}.Debug|Any CPU.Build.0 = Debug|Any CPU
		{249299B4-4AA1-43A7-A08A-96C5605F991C}.Release|Any CPU.ActiveCfg = Release|Any CPU
		{249299B4-4AA1-43A7-A08A-96C5605F991C}.Release|Any CPU.Build.0 = Release|Any CPU
		{CCC180B7-1C8B-4B03-B29A-6E265FE8D690}.Debug|Any CPU.ActiveCfg = Debug|Any CPU
		{CCC180B7-1C8B-4B03-B29A-6E265FE8D690}.Debug|Any CPU.Build.0 = Debug|Any CPU
		{CCC180B7-1C8B-4B03-B29A-6E265FE8D690}.Release|Any CPU.ActiveCfg = Release|Any CPU
		{CCC180B7-1C8B-4B03-B29A-6E265FE8D690}.Release|Any CPU.Build.0 = Release|Any CPU
		{19A7058C-9BD7-4561-BE22-A5AE8D2E8DC7}.Debug|Any CPU.ActiveCfg = Debug|Any CPU
		{19A7058C-9BD7-4561-BE22-A5AE8D2E8DC7}.Debug|Any CPU.Build.0 = Debug|Any CPU
		{19A7058C-9BD7-4561-BE22-A5AE8D2E8DC7}.Release|Any CPU.ActiveCfg = Release|Any CPU
		{19A7058C-9BD7-4561-BE22-A5AE8D2E8DC7}.Release|Any CPU.Build.0 = Release|Any CPU
		{D1D560F2-F7EF-4DF1-B8B3-45F35EA94F4C}.Debug|Any CPU.ActiveCfg = Debug|Any CPU
		{D1D560F2-F7EF-4DF1-B8B3-45F35EA94F4C}.Debug|Any CPU.Build.0 = Debug|Any CPU
		{D1D560F2-F7EF-4DF1-B8B3-45F35EA94F4C}.Release|Any CPU.ActiveCfg = Release|Any CPU
		{D1D560F2-F7EF-4DF1-B8B3-45F35EA94F4C}.Release|Any CPU.Build.0 = Release|Any CPU
		{B858B728-FD94-486F-AC3E-97D10EF97941}.Debug|Any CPU.ActiveCfg = Debug|Any CPU
		{B858B728-FD94-486F-AC3E-97D10EF97941}.Debug|Any CPU.Build.0 = Debug|Any CPU
		{B858B728-FD94-486F-AC3E-97D10EF97941}.Release|Any CPU.ActiveCfg = Release|Any CPU
		{B858B728-FD94-486F-AC3E-97D10EF97941}.Release|Any CPU.Build.0 = Release|Any CPU
		{07580ECD-83E1-4602-914C-1A7AB08BB8D0}.Debug|Any CPU.ActiveCfg = Debug|Any CPU
		{07580ECD-83E1-4602-914C-1A7AB08BB8D0}.Debug|Any CPU.Build.0 = Debug|Any CPU
		{07580ECD-83E1-4602-914C-1A7AB08BB8D0}.Release|Any CPU.ActiveCfg = Release|Any CPU
		{07580ECD-83E1-4602-914C-1A7AB08BB8D0}.Release|Any CPU.Build.0 = Release|Any CPU
		{D8939319-0E42-46D3-83CD-A6EC78F85637}.Debug|Any CPU.ActiveCfg = Debug|Any CPU
		{D8939319-0E42-46D3-83CD-A6EC78F85637}.Debug|Any CPU.Build.0 = Debug|Any CPU
		{D8939319-0E42-46D3-83CD-A6EC78F85637}.Release|Any CPU.ActiveCfg = Release|Any CPU
		{D8939319-0E42-46D3-83CD-A6EC78F85637}.Release|Any CPU.Build.0 = Release|Any CPU
		{4F96C2F0-71A1-4BCF-A589-301E94A82E32}.Debug|Any CPU.ActiveCfg = Debug|Any CPU
		{4F96C2F0-71A1-4BCF-A589-301E94A82E32}.Debug|Any CPU.Build.0 = Debug|Any CPU
		{4F96C2F0-71A1-4BCF-A589-301E94A82E32}.Release|Any CPU.ActiveCfg = Release|Any CPU
		{4F96C2F0-71A1-4BCF-A589-301E94A82E32}.Release|Any CPU.Build.0 = Release|Any CPU
	EndGlobalSection
	GlobalSection(SolutionProperties) = preSolution
		HideSolutionNode = FALSE
	EndGlobalSection
	GlobalSection(ExtensibilityGlobals) = postSolution
		SolutionGuid = {41117A57-F599-4594-BA10-BB251BC397FB}
	EndGlobalSection
EndGlobal
